
Microsoft Visual Studio Solution File, Format Version 12.00
# Visual Studio Version 16
VisualStudioVersion = 16.0.32630.194
MinimumVisualStudioVersion = 10.0.40219.1
Project("{FAE04EC0-301F-11D3-BF4B-00C04F79EFBC}") = "TestProject1", "TestProject1\TestProject1.csproj", "{D864030E-5E9A-47A3-93AA-10E19AD019DD}"
EndProject
Project("{FAE04EC0-301F-11D3-BF4B-00C04F79EFBC}") = "WebApplication1", "WebApplication1\WebApplication1.csproj", "{0B085D2A-6E75-4430-8AA2-7736C2A715EA}"
EndProject
Global
	GlobalSection(SolutionConfigurationPlatforms) = preSolution
		Debug|Any CPU = Debug|Any CPU
		Release|Any CPU = Release|Any CPU
	EndGlobalSection
	GlobalSection(ProjectConfigurationPlatforms) = postSolution
		{D864030E-5E9A-47A3-93AA-10E19AD019DD}.Debug|Any CPU.ActiveCfg = Debug|Any CPU
		{D864030E-5E9A-47A3-93AA-10E19AD019DD}.Debug|Any CPU.Build.0 = Debug|Any CPU
		{D864030E-5E9A-47A3-93AA-10E19AD019DD}.Release|Any CPU.ActiveCfg = Release|Any CPU
		{D864030E-5E9A-47A3-93AA-10E19AD019DD}.Release|Any CPU.Build.0 = Release|Any CPU
		{0B085D2A-6E75-4430-8AA2-7736C2A715EA}.Debug|Any CPU.ActiveCfg = Debug|Any CPU
		{0B085D2A-6E75-4430-8AA2-7736C2A715EA}.Debug|Any CPU.Build.0 = Debug|Any CPU
		{0B085D2A-6E75-4430-8AA2-7736C2A715EA}.Release|Any CPU.ActiveCfg = Release|Any CPU
		{0B085D2A-6E75-4430-8AA2-7736C2A715EA}.Release|Any CPU.Build.0 = Release|Any CPU
	EndGlobalSection
	GlobalSection(SolutionProperties) = preSolution
		HideSolutionNode = FALSE
	EndGlobalSection
	GlobalSection(ExtensibilityGlobals) = postSolution
		SolutionGuid = {B6549AF1-0FE0-41ED-94F9-D38D7BB6BB5E}
	EndGlobalSection
EndGlobal
